
Microsoft Visual Studio Solution File, Format Version 10.00
# Visual Studio 2008
Project("{FAE04EC0-301F-11D3-BF4B-00C04F79EFBC}") = "CompilerConsole", "CompilerConsole.csproj", "{6824A971-348A-4B5E-8F2A-BEA54A2AA5E8}"
EndProject
Project("{FAE04EC0-301F-11D3-BF4B-00C04F79EFBC}") = "CompilerService", "..\CompilerService\CompilerService.csproj", "{DE2F5F47-43B8-45E8-8221-278A64148C7B}"
EndProject
Global
	GlobalSection(SourceCodeControl) = preSolution
		SccNumberOfProjects = 2
		SccLocalPath0 = .
		SccProjectUniqueName1 = CompilerConsole.csproj
		SccLocalPath1 = .
	EndGlobalSection
	GlobalSection(SolutionConfigurationPlatforms) = preSolution
		Debug|Any CPU = Debug|Any CPU
		Release|Any CPU = Release|Any CPU
	EndGlobalSection
	GlobalSection(ProjectConfigurationPlatforms) = postSolution
		{6824A971-348A-4B5E-8F2A-BEA54A2AA5E8}.Debug|Any CPU.ActiveCfg = Debug|Any CPU
		{6824A971-348A-4B5E-8F2A-BEA54A2AA5E8}.Debug|Any CPU.Build.0 = Debug|Any CPU
		{6824A971-348A-4B5E-8F2A-BEA54A2AA5E8}.Release|Any CPU.ActiveCfg = Release|Any CPU
		{6824A971-348A-4B5E-8F2A-BEA54A2AA5E8}.Release|Any CPU.Build.0 = Release|Any CPU
		{DE2F5F47-43B8-45E8-8221-278A64148C7B}.Debug|Any CPU.ActiveCfg = Debug|Any CPU
		{DE2F5F47-43B8-45E8-8221-278A64148C7B}.Debug|Any CPU.Build.0 = Debug|Any CPU
		{DE2F5F47-43B8-45E8-8221-278A64148C7B}.Release|Any CPU.ActiveCfg = Release|Any CPU
		{DE2F5F47-43B8-45E8-8221-278A64148C7B}.Release|Any CPU.Build.0 = Release|Any CPU
	EndGlobalSection
	GlobalSection(SolutionProperties) = preSolution
		HideSolutionNode = FALSE
	EndGlobalSection
EndGlobal
